
Microsoft Visual Studio Solution File, Format Version 12.00
# Visual Studio Version 17
VisualStudioVersion = 17.5.33516.290
MinimumVisualStudioVersion = 10.0.40219.1
Project("{9A19103F-16F7-4668-BE54-9A1E7A4F7556}") = "UnitTestingExample", "UnitTestingExample\UnitTestingExample.csproj", "{EB7DF675-1057-4E99-95B1-EEAC88FFF970}"
EndProject
Project("{FAE04EC0-301F-11D3-BF4B-00C04F79EFBC}") = "ProductUnitTest", "ProductUnitTest\ProductUnitTest.csproj", "{F993DC88-6850-4489-84ED-82B40999A01C}"
EndProject
Global
	GlobalSection(SolutionConfigurationPlatforms) = preSolution
		Debug|Any CPU = Debug|Any CPU
		Release|Any CPU = Release|Any CPU
	EndGlobalSection
	GlobalSection(ProjectConfigurationPlatforms) = postSolution
		{EB7DF675-1057-4E99-95B1-EEAC88FFF970}.Debug|Any CPU.ActiveCfg = Debug|Any CPU
		{EB7DF675-1057-4E99-95B1-EEAC88FFF970}.Debug|Any CPU.Build.0 = Debug|Any CPU
		{EB7DF675-1057-4E99-95B1-EEAC88FFF970}.Release|Any CPU.ActiveCfg = Release|Any CPU
		{EB7DF675-1057-4E99-95B1-EEAC88FFF970}.Release|Any CPU.Build.0 = Release|Any CPU
		{F993DC88-6850-4489-84ED-82B40999A01C}.Debug|Any CPU.ActiveCfg = Debug|Any CPU
		{F993DC88-6850-4489-84ED-82B40999A01C}.Debug|Any CPU.Build.0 = Debug|Any CPU
		{F993DC88-6850-4489-84ED-82B40999A01C}.Release|Any CPU.ActiveCfg = Release|Any CPU
		{F993DC88-6850-4489-84ED-82B40999A01C}.Release|Any CPU.Build.0 = Release|Any CPU
	EndGlobalSection
	GlobalSection(SolutionProperties) = preSolution
		HideSolutionNode = FALSE
	EndGlobalSection
	GlobalSection(ExtensibilityGlobals) = postSolution
		SolutionGuid = {C4CDC9F0-A4AD-431B-A00D-21A8F85966D0}
	EndGlobalSection
EndGlobal
