
Microsoft Visual Studio Solution File, Format Version 12.00
# Visual Studio Version 17
VisualStudioVersion = 17.5.33414.496
MinimumVisualStudioVersion = 10.0.40219.1
Project("{FAE04EC0-301F-11D3-BF4B-00C04F79EFBC}") = "HTTPClientExample", "HTTPClientExample\HTTPClientExample.csproj", "{1A002232-39EB-4A14-A767-AF279E2F261D}"
EndProject
Global
	GlobalSection(SolutionConfigurationPlatforms) = preSolution
		Debug|Any CPU = Debug|Any CPU
		Release|Any CPU = Release|Any CPU
	EndGlobalSection
	GlobalSection(ProjectConfigurationPlatforms) = postSolution
		{1A002232-39EB-4A14-A767-AF279E2F261D}.Debug|Any CPU.ActiveCfg = Debug|Any CPU
		{1A002232-39EB-4A14-A767-AF279E2F261D}.Debug|Any CPU.Build.0 = Debug|Any CPU
		{1A002232-39EB-4A14-A767-AF279E2F261D}.Release|Any CPU.ActiveCfg = Release|Any CPU
		{1A002232-39EB-4A14-A767-AF279E2F261D}.Release|Any CPU.Build.0 = Release|Any CPU
	EndGlobalSection
	GlobalSection(SolutionProperties) = preSolution
		HideSolutionNode = FALSE
	EndGlobalSection
	GlobalSection(ExtensibilityGlobals) = postSolution
		SolutionGuid = {48923E8B-E332-43E6-9526-C23D96A2CF2F}
	EndGlobalSection
EndGlobal
