
Microsoft Visual Studio Solution File, Format Version 12.00
# Visual Studio Version 17
VisualStudioVersion = 17.5.33424.131
MinimumVisualStudioVersion = 10.0.40219.1
Project("{FAE04EC0-301F-11D3-BF4B-00C04F79EFBC}") = "WindowsServiceExample", "WindowsServiceExample\WindowsServiceExample.csproj", "{565F4C04-4EC1-4F7D-AFD0-0F6284196CF1}"
EndProject
Global
	GlobalSection(SolutionConfigurationPlatforms) = preSolution
		Debug|Any CPU = Debug|Any CPU
		Release|Any CPU = Release|Any CPU
	EndGlobalSection
	GlobalSection(ProjectConfigurationPlatforms) = postSolution
		{565F4C04-4EC1-4F7D-AFD0-0F6284196CF1}.Debug|Any CPU.ActiveCfg = Debug|Any CPU
		{565F4C04-4EC1-4F7D-AFD0-0F6284196CF1}.Debug|Any CPU.Build.0 = Debug|Any CPU
		{565F4C04-4EC1-4F7D-AFD0-0F6284196CF1}.Release|Any CPU.ActiveCfg = Release|Any CPU
		{565F4C04-4EC1-4F7D-AFD0-0F6284196CF1}.Release|Any CPU.Build.0 = Release|Any CPU
	EndGlobalSection
	GlobalSection(SolutionProperties) = preSolution
		HideSolutionNode = FALSE
	EndGlobalSection
	GlobalSection(ExtensibilityGlobals) = postSolution
		SolutionGuid = {8ECE5462-0E2E-405F-B3CB-18050D6EC833}
	EndGlobalSection
EndGlobal
