
Microsoft Visual Studio Solution File, Format Version 12.00
# Visual Studio Version 17
VisualStudioVersion = 17.5.33516.290
MinimumVisualStudioVersion = 10.0.40219.1
Project("{FAE04EC0-301F-11D3-BF4B-00C04F79EFBC}") = "MockUnitTestSample", "MockUnitTestSample\MockUnitTestSample.csproj", "{00596F59-6174-4064-A4BF-47A4ED2868CC}"
EndProject
Project("{FAE04EC0-301F-11D3-BF4B-00C04F79EFBC}") = "CustomerServiceTest", "CustomerServiceTest\CustomerServiceTest.csproj", "{09B2CDCC-1767-4976-9445-28C645E6B621}"
EndProject
Global
	GlobalSection(SolutionConfigurationPlatforms) = preSolution
		Debug|Any CPU = Debug|Any CPU
		Release|Any CPU = Release|Any CPU
	EndGlobalSection
	GlobalSection(ProjectConfigurationPlatforms) = postSolution
		{00596F59-6174-4064-A4BF-47A4ED2868CC}.Debug|Any CPU.ActiveCfg = Debug|Any CPU
		{00596F59-6174-4064-A4BF-47A4ED2868CC}.Debug|Any CPU.Build.0 = Debug|Any CPU
		{00596F59-6174-4064-A4BF-47A4ED2868CC}.Release|Any CPU.ActiveCfg = Release|Any CPU
		{00596F59-6174-4064-A4BF-47A4ED2868CC}.Release|Any CPU.Build.0 = Release|Any CPU
		{09B2CDCC-1767-4976-9445-28C645E6B621}.Debug|Any CPU.ActiveCfg = Debug|Any CPU
		{09B2CDCC-1767-4976-9445-28C645E6B621}.Debug|Any CPU.Build.0 = Debug|Any CPU
		{09B2CDCC-1767-4976-9445-28C645E6B621}.Release|Any CPU.ActiveCfg = Release|Any CPU
		{09B2CDCC-1767-4976-9445-28C645E6B621}.Release|Any CPU.Build.0 = Release|Any CPU
	EndGlobalSection
	GlobalSection(SolutionProperties) = preSolution
		HideSolutionNode = FALSE
	EndGlobalSection
	GlobalSection(ExtensibilityGlobals) = postSolution
		SolutionGuid = {33FD284D-CB64-4C69-A3AC-78C8ADDD2F0A}
	EndGlobalSection
EndGlobal
