
Microsoft Visual Studio Solution File, Format Version 12.00
# Visual Studio Version 17
VisualStudioVersion = 17.4.33403.182
MinimumVisualStudioVersion = 10.0.40219.1
Project("{FAE04EC0-301F-11D3-BF4B-00C04F79EFBC}") = "WebApiAuthExample", "WebApiAuthExample\WebApiAuthExample.csproj", "{03A384DC-51F1-4C53-8006-1A1D2CCC932A}"
EndProject
Global
	GlobalSection(SolutionConfigurationPlatforms) = preSolution
		Debug|Any CPU = Debug|Any CPU
		Release|Any CPU = Release|Any CPU
	EndGlobalSection
	GlobalSection(ProjectConfigurationPlatforms) = postSolution
		{03A384DC-51F1-4C53-8006-1A1D2CCC932A}.Debug|Any CPU.ActiveCfg = Debug|Any CPU
		{03A384DC-51F1-4C53-8006-1A1D2CCC932A}.Debug|Any CPU.Build.0 = Debug|Any CPU
		{03A384DC-51F1-4C53-8006-1A1D2CCC932A}.Release|Any CPU.ActiveCfg = Release|Any CPU
		{03A384DC-51F1-4C53-8006-1A1D2CCC932A}.Release|Any CPU.Build.0 = Release|Any CPU
	EndGlobalSection
	GlobalSection(SolutionProperties) = preSolution
		HideSolutionNode = FALSE
	EndGlobalSection
	GlobalSection(ExtensibilityGlobals) = postSolution
		SolutionGuid = {12F0B3DE-93FD-4833-9AAB-39DDDAFB2D0E}
	EndGlobalSection
EndGlobal
